
Microsoft Visual Studio Solution File, Format Version 12.00
# Visual Studio Version 16
VisualStudioVersion = 16.0.30002.166
MinimumVisualStudioVersion = 10.0.40219.1
Project("{FAE04EC0-301F-11D3-BF4B-00C04F79EFBC}") = "PSO-Shopkeeper", "PSO-Shopkeeper\PSO-Shopkeeper.csproj", "{AA3BD8E5-6A98-4C59-803D-47F47827FF02}"
EndProject
Project("{FAE04EC0-301F-11D3-BF4B-00C04F79EFBC}") = "PSO-DB-Helper", "PSO-DB-Helper\PSO-DB-Helper.csproj", "{7383663B-767B-45F7-90CD-39BC5448416A}"
EndProject
Project("{FAE04EC0-301F-11D3-BF4B-00C04F79EFBC}") = "PSO-Shopkeeper-Lib", "PSO-Shopkeeper-Lib\PSO-Shopkeeper-Lib.csproj", "{65412AB6-FADD-49AB-A1F3-25598D87876E}"
EndProject
Global
	GlobalSection(SolutionConfigurationPlatforms) = preSolution
		Debug|Any CPU = Debug|Any CPU
		Release|Any CPU = Release|Any CPU
	EndGlobalSection
	GlobalSection(ProjectConfigurationPlatforms) = postSolution
		{AA3BD8E5-6A98-4C59-803D-47F47827FF02}.Debug|Any CPU.ActiveCfg = Debug|Any CPU
		{AA3BD8E5-6A98-4C59-803D-47F47827FF02}.Debug|Any CPU.Build.0 = Debug|Any CPU
		{AA3BD8E5-6A98-4C59-803D-47F47827FF02}.Release|Any CPU.ActiveCfg = Release|Any CPU
		{AA3BD8E5-6A98-4C59-803D-47F47827FF02}.Release|Any CPU.Build.0 = Release|Any CPU
		{7383663B-767B-45F7-90CD-39BC5448416A}.Debug|Any CPU.ActiveCfg = Debug|Any CPU
		{7383663B-767B-45F7-90CD-39BC5448416A}.Debug|Any CPU.Build.0 = Debug|Any CPU
		{7383663B-767B-45F7-90CD-39BC5448416A}.Release|Any CPU.ActiveCfg = Release|Any CPU
		{7383663B-767B-45F7-90CD-39BC5448416A}.Release|Any CPU.Build.0 = Release|Any CPU
		{65412AB6-FADD-49AB-A1F3-25598D87876E}.Debug|Any CPU.ActiveCfg = Debug|Any CPU
		{65412AB6-FADD-49AB-A1F3-25598D87876E}.Debug|Any CPU.Build.0 = Debug|Any CPU
		{65412AB6-FADD-49AB-A1F3-25598D87876E}.Release|Any CPU.ActiveCfg = Release|Any CPU
		{65412AB6-FADD-49AB-A1F3-25598D87876E}.Release|Any CPU.Build.0 = Release|Any CPU
	EndGlobalSection
	GlobalSection(SolutionProperties) = preSolution
		HideSolutionNode = FALSE
	EndGlobalSection
	GlobalSection(ExtensibilityGlobals) = postSolution
		SolutionGuid = {9BF15A6C-FA04-43DC-866B-22C31BB8C9EB}
	EndGlobalSection
EndGlobal
